
Microsoft Visual Studio Solution File, Format Version 12.00
# Visual Studio Version 16
VisualStudioVersion = 16.0.30413.136
MinimumVisualStudioVersion = 10.0.40219.1
Project("{FAE04EC0-301F-11D3-BF4B-00C04F79EFBC}") = "BookListMVC", "BookListMVC\BookListMVC.csproj", "{BFF5AFA4-81F0-4670-A173-3C7F496A6465}"
EndProject
Global
	GlobalSection(SolutionConfigurationPlatforms) = preSolution
		Debug|Any CPU = Debug|Any CPU
		Release|Any CPU = Release|Any CPU
	EndGlobalSection
	GlobalSection(ProjectConfigurationPlatforms) = postSolution
		{BFF5AFA4-81F0-4670-A173-3C7F496A6465}.Debug|Any CPU.ActiveCfg = Debug|Any CPU
		{BFF5AFA4-81F0-4670-A173-3C7F496A6465}.Debug|Any CPU.Build.0 = Debug|Any CPU
		{BFF5AFA4-81F0-4670-A173-3C7F496A6465}.Release|Any CPU.ActiveCfg = Release|Any CPU
		{BFF5AFA4-81F0-4670-A173-3C7F496A6465}.Release|Any CPU.Build.0 = Release|Any CPU
	EndGlobalSection
	GlobalSection(SolutionProperties) = preSolution
		HideSolutionNode = FALSE
	EndGlobalSection
	GlobalSection(ExtensibilityGlobals) = postSolution
		SolutionGuid = {D94994FA-5A83-4637-A4A5-3DDBAA8C2A4B}
	EndGlobalSection
EndGlobal
